
Microsoft Visual Studio Solution File, Format Version 12.00
# Visual Studio Version 17
VisualStudioVersion = 17.5.33516.290
MinimumVisualStudioVersion = 10.0.40219.1
Project("{FAE04EC0-301F-11D3-BF4B-00C04F79EFBC}") = "ProyectNet", "ProyectNet.csproj", "{513B46E9-447B-42BD-9FFE-D1D10C2A51CF}"
EndProject
Global
	GlobalSection(SolutionConfigurationPlatforms) = preSolution
		Debug|Any CPU = Debug|Any CPU
		Release|Any CPU = Release|Any CPU
	EndGlobalSection
	GlobalSection(ProjectConfigurationPlatforms) = postSolution
		{513B46E9-447B-42BD-9FFE-D1D10C2A51CF}.Debug|Any CPU.ActiveCfg = Debug|Any CPU
		{513B46E9-447B-42BD-9FFE-D1D10C2A51CF}.Debug|Any CPU.Build.0 = Debug|Any CPU
		{513B46E9-447B-42BD-9FFE-D1D10C2A51CF}.Release|Any CPU.ActiveCfg = Release|Any CPU
		{513B46E9-447B-42BD-9FFE-D1D10C2A51CF}.Release|Any CPU.Build.0 = Release|Any CPU
	EndGlobalSection
	GlobalSection(SolutionProperties) = preSolution
		HideSolutionNode = FALSE
	EndGlobalSection
	GlobalSection(ExtensibilityGlobals) = postSolution
		SolutionGuid = {625191C1-5D8C-455A-9F4B-376B13A5AAC7}
	EndGlobalSection
EndGlobal
